// !$*UTF8*$!
{
	archiveVersion = 1;
	classes = {
	};
	objectVersion = 50;
	objects = {

/* Begin PBXBuildFile section */
		3388E28D248B913400D287A9 /* AppDelegate.swift in Sources */ = {isa = PBXBuildFile; fileRef = 3388E28C248B913400D287A9 /* AppDelegate.swift */; };
		3388E28F248B913400D287A9 /* SceneDelegate.swift in Sources */ = {isa = PBXBuildFile; fileRef = 3388E28E248B913400D287A9 /* SceneDelegate.swift */; };
		3388E291248B913400D287A9 /* ViewController.swift in Sources */ = {isa = PBXBuildFile; fileRef = 3388E290248B913400D287A9 /* ViewController.swift */; };
		3388E294248B913400D287A9 /* Main.storyboard in Resources */ = {isa = PBXBuildFile; fileRef = 3388E292248B913400D287A9 /* Main.storyboard */; };
		3388E296248B913600D287A9 /* Assets.xcassets in Resources */ = {isa = PBXBuildFile; fileRef = 3388E295248B913600D287A9 /* Assets.xcassets */; };
		3388E299248B913600D287A9 /* LaunchScreen.storyboard in Resources */ = {isa = PBXBuildFile; fileRef = 3388E297248B913600D287A9 /* LaunchScreen.storyboard */; };
		3388E2A1248B91DA00D287A9 /* SlideViewController.swift in Sources */ = {isa = PBXBuildFile; fileRef = 3388E2A0248B91DA00D287A9 /* SlideViewController.swift */; };
		3388E2AE248BBE9400D287A9 /* Image4@3x.png in Resources */ = {isa = PBXBuildFile; fileRef = 3388E2A2248BBE9400D287A9 /* Image4@3x.png */; };
		3388E2AF248BBE9400D287A9 /* Image3.png in Resources */ = {isa = PBXBuildFile; fileRef = 3388E2A3248BBE9400D287A9 /* Image3.png */; };
		3388E2B0248BBE9400D287A9 /* Image3@3x.png in Resources */ = {isa = PBXBuildFile; fileRef = 3388E2A4248BBE9400D287A9 /* Image3@3x.png */; };
		3388E2B1248BBE9400D287A9 /* Image4.png in Resources */ = {isa = PBXBuildFile; fileRef = 3388E2A5248BBE9400D287A9 /* Image4.png */; };
		3388E2B2248BBE9400D287A9 /* Image2@2x.png in Resources */ = {isa = PBXBuildFile; fileRef = 3388E2A6248BBE9400D287A9 /* Image2@2x.png */; };
		3388E2B3248BBE9400D287A9 /* Image1.png in Resources */ = {isa = PBXBuildFile; fileRef = 3388E2A7248BBE9400D287A9 /* Image1.png */; };
		3388E2B4248BBE9400D287A9 /* Image2@3x.png in Resources */ = {isa = PBXBuildFile; fileRef = 3388E2A8248BBE9400D287A9 /* Image2@3x.png */; };
		3388E2B5248BBE9400D287A9 /* Image2.png in Resources */ = {isa = PBXBuildFile; fileRef = 3388E2A9248BBE9400D287A9 /* Image2.png */; };
		3388E2B6248BBE9400D287A9 /* Image1@3x.png in Resources */ = {isa = PBXBuildFile; fileRef = 3388E2AA248BBE9400D287A9 /* Image1@3x.png */; };
		3388E2B7248BBE9400D287A9 /* Image3@2x.png in Resources */ = {isa = PBXBuildFile; fileRef = 3388E2AB248BBE9400D287A9 /* Image3@2x.png */; };
		3388E2B8248BBE9400D287A9 /* Image4@2x.png in Resources */ = {isa = PBXBuildFile; fileRef = 3388E2AC248BBE9400D287A9 /* Image4@2x.png */; };
		3388E2B9248BBE9400D287A9 /* Image1@2x.png in Resources */ = {isa = PBXBuildFile; fileRef = 3388E2AD248BBE9400D287A9 /* Image1@2x.png */; };
/* End PBXBuildFile section */

/* Begin PBXFileReference section */
		3388E289248B913400D287A9 /* SlideshowApp.app */ = {isa = PBXFileReference; explicitFileType = wrapper.application; includeInIndex = 0; path = SlideshowApp.app; sourceTree = BUILT_PRODUCTS_DIR; };
		3388E28C248B913400D287A9 /* AppDelegate.swift */ = {isa = PBXFileReference; lastKnownFileType = sourcecode.swift; path = AppDelegate.swift; sourceTree = "<group>"; };
		3388E28E248B913400D287A9 /* SceneDelegate.swift */ = {isa = PBXFileReference; lastKnownFileType = sourcecode.swift; path = SceneDelegate.swift; sourceTree = "<group>"; };
		3388E290248B913400D287A9 /* ViewController.swift */ = {isa = PBXFileReference; lastKnownFileType = sourcecode.swift; path = ViewController.swift; sourceTree = "<group>"; };
		3388E293248B913400D287A9 /* Base */ = {isa = PBXFileReference; lastKnownFileType = file.storyboard; name = Base; path = Base.lproj/Main.storyboard; sourceTree = "<group>"; };
		3388E295248B913600D287A9 /* Assets.xcassets */ = {isa = PBXFileReference; lastKnownFileType = folder.assetcatalog; path = Assets.xcassets; sourceTree = "<group>"; };
		3388E298248B913600D287A9 /* Base */ = {isa = PBXFileReference; lastKnownFileType = file.storyboard; name = Base; path = Base.lproj/LaunchScreen.storyboard; sourceTree = "<group>"; };
		3388E29A248B913600D287A9 /* Info.plist */ = {isa = PBXFileReference; lastKnownFileType = text.plist.xml; path = Info.plist; sourceTree = "<group>"; };
		3388E2A0248B91DA00D287A9 /* SlideViewController.swift */ = {isa = PBXFileReference; lastKnownFileType = sourcecode.swift; path = SlideViewController.swift; sourceTree = "<group>"; };
		3388E2A2248BBE9400D287A9 /* Image4@3x.png */ = {isa = PBXFileReference; lastKnownFileType = image.png; path = "Image4@3x.png"; sourceTree = "<group>"; };
		3388E2A3248BBE9400D287A9 /* Image3.png */ = {isa = PBXFileReference; lastKnownFileType = image.png; path = Image3.png; sourceTree = "<group>"; };
		3388E2A4248BBE9400D287A9 /* Image3@3x.png */ = {isa = PBXFileReference; lastKnownFileType = image.png; path = "Image3@3x.png"; sourceTree = "<group>"; };
		3388E2A5248BBE9400D287A9 /* Image4.png */ = {isa = PBXFileReference; lastKnownFileType = image.png; path = Image4.png; sourceTree = "<group>"; };
		3388E2A6248BBE9400D287A9 /* Image2@2x.png */ = {isa = PBXFileReference; lastKnownFileType = image.png; path = "Image2@2x.png"; sourceTree = "<group>"; };
		3388E2A7248BBE9400D287A9 /* Image1.png */ = {isa = PBXFileReference; lastKnownFileType = image.png; path = Image1.png; sourceTree = "<group>"; };
		3388E2A8248BBE9400D287A9 /* Image2@3x.png */ = {isa = PBXFileReference; lastKnownFileType = image.png; path = "Image2@3x.png"; sourceTree = "<group>"; };
		3388E2A9248BBE9400D287A9 /* Image2.png */ = {isa = PBXFileReference; lastKnownFileType = image.png; path = Image2.png; sourceTree = "<group>"; };
		3388E2AA248BBE9400D287A9 /* Image1@3x.png */ = {isa = PBXFileReference; lastKnownFileType = image.png; path = "Image1@3x.png"; sourceTree = "<group>"; };
		3388E2AB248BBE9400D287A9 /* Image3@2x.png */ = {isa = PBXFileReference; lastKnownFileType = image.png; path = "Image3@2x.png"; sourceTree = "<group>"; };
		3388E2AC248BBE9400D287A9 /* Image4@2x.png */ = {isa = PBXFileReference; lastKnownFileType = image.png; path = "Image4@2x.png"; sourceTree = "<group>"; };
		3388E2AD248BBE9400D287A9 /* Image1@2x.png */ = {isa = PBXFileReference; lastKnownFileType = image.png; path = "Image1@2x.png"; sourceTree = "<group>"; };
/* End PBXFileReference section */

/* Begin PBXFrameworksBuildPhase section */
		3388E286248B913400D287A9 /* Frameworks */ = {
			isa = PBXFrameworksBuildPhase;
			buildActionMask = 2147483647;
			files = (
			);
			runOnlyForDeploymentPostprocessing = 0;
		};
/* End PBXFrameworksBuildPhase section */

/* Begin PBXGroup section */
		3388E280248B913400D287A9 = {
			isa = PBXGroup;
			children = (
				3388E28B248B913400D287A9 /* SlideshowApp */,
				3388E28A248B913400D287A9 /* Products */,
				3388E2A7248BBE9400D287A9 /* Image1.png */,
				3388E2AD248BBE9400D287A9 /* Image1@2x.png */,
				3388E2AA248BBE9400D287A9 /* Image1@3x.png */,
				3388E2A9248BBE9400D287A9 /* Image2.png */,
				3388E2A6248BBE9400D287A9 /* Image2@2x.png */,
				3388E2A8248BBE9400D287A9 /* Image2@3x.png */,
				3388E2A3248BBE9400D287A9 /* Image3.png */,
				3388E2AB248BBE9400D287A9 /* Image3@2x.png */,
				3388E2A4248BBE9400D287A9 /* Image3@3x.png */,
				3388E2A5248BBE9400D287A9 /* Image4.png */,
				3388E2AC248BBE9400D287A9 /* Image4@2x.png */,
				3388E2A2248BBE9400D287A9 /* Image4@3x.png */,
			);
			sourceTree = "<group>";
		};
		3388E28A248B913400D287A9 /* Products */ = {
			isa = PBXGroup;
			children = (
				3388E289248B913400D287A9 /* SlideshowApp.app */,
			);
			name = Products;
			sourceTree = "<group>";
		};
		3388E28B248B913400D287A9 /* SlideshowApp */ = {
			isa = PBXGroup;
			children = (
				3388E28C248B913400D287A9 /* AppDelegate.swift */,
				3388E28E248B913400D287A9 /* SceneDelegate.swift */,
				3388E290248B913400D287A9 /* ViewController.swift */,
				3388E2A0248B91DA00D287A9 /* SlideViewController.swift */,
				3388E292248B913400D287A9 /* Main.storyboard */,
				3388E295248B913600D287A9 /* Assets.xcassets */,
				3388E297248B913600D287A9 /* LaunchScreen.storyboard */,
				3388E29A248B913600D287A9 /* Info.plist */,
			);
			path = SlideshowApp;
			sourceTree = "<group>";
		};
/* End PBXGroup section */

/* Begin PBXNativeTarget section */
		3388E288248B913400D287A9 /* SlideshowApp */ = {
			isa = PBXNativeTarget;
			buildConfigurationList = 3388E29D248B913600D287A9 /* Build configuration list for PBXNativeTarget "SlideshowApp" */;
			buildPhases = (
				3388E285248B913400D287A9 /* Sources */,
				3388E286248B913400D287A9 /* Frameworks */,
				3388E287248B913400D287A9 /* Resources */,
			);
			buildRules = (
			);
			dependencies = (
			);
			name = SlideshowApp;
			productName = SlideshowApp;
			productReference = 3388E289248B913400D287A9 /* SlideshowApp.app */;
			productType = "com.apple.product-type.application";
		};
/* End PBXNativeTarget section */

/* Begin PBXProject section */
		3388E281248B913400D287A9 /* Project object */ = {
			isa = PBXProject;
			attributes = {
				LastSwiftUpdateCheck = 1110;
				LastUpgradeCheck = 1110;
				ORGANIZATIONNAME = taishi.kamiya;
				TargetAttributes = {
					3388E288248B913400D287A9 = {
						CreatedOnToolsVersion = 11.1;
					};
				};
			};
			buildConfigurationList = 3388E284248B913400D287A9 /* Build configuration list for PBXProject "SlideshowApp" */;
			compatibilityVersion = "Xcode 9.3";
			developmentRegion = en;
			hasScannedForEncodings = 0;
			knownRegions = (
				en,
				Base,
			);
			mainGroup = 3388E280248B913400D287A9;
			productRefGroup = 3388E28A248B913400D287A9 /* Products */;
			projectDirPath = "";
			projectRoot = "";
			targets = (
				3388E288248B913400D287A9 /* SlideshowApp */,
			);
		};
/* End PBXProject section */

/* Begin PBXResourcesBuildPhase section */
		3388E287248B913400D287A9 /* Resources */ = {
			isa = PBXResourcesBuildPhase;
			buildActionMask = 2147483647;
			files = (
				3388E2AF248BBE9400D287A9 /* Image3.png in Resources */,
				3388E2B3248BBE9400D287A9 /* Image1.png in Resources */,
				3388E2B4248BBE9400D287A9 /* Image2@3x.png in Resources */,
				3388E2B7248BBE9400D287A9 /* Image3@2x.png in Resources */,
				3388E2B6248BBE9400D287A9 /* Image1@3x.png in Resources */,
				3388E2B1248BBE9400D287A9 /* Image4.png in Resources */,
				3388E299248B913600D287A9 /* LaunchScreen.storyboard in Resources */,
				3388E296248B913600D287A9 /* Assets.xcassets in Resources */,
				3388E2B5248BBE9400D287A9 /* Image2.png in Resources */,
				3388E2B8248BBE9400D287A9 /* Image4@2x.png in Resources */,
				3388E2AE248BBE9400D287A9 /* Image4@3x.png in Resources */,
				3388E294248B913400D287A9 /* Main.storyboard in Resources */,
				3388E2B9248BBE9400D287A9 /* Image1@2x.png in Resources */,
				3388E2B0248BBE9400D287A9 /* Image3@3x.png in Resources */,
				3388E2B2248BBE9400D287A9 /* Image2@2x.png in Resources */,
			);
			runOnlyForDeploymentPostprocessing = 0;
		};
/* End PBXResourcesBuildPhase section */

/* Begin PBXSourcesBuildPhase section */
		3388E285248B913400D287A9 /* Sources */ = {
			isa = PBXSourcesBuildPhase;
			buildActionMask = 2147483647;
			files = (
				3388E2A1248B91DA00D287A9 /* SlideViewController.swift in Sources */,
				3388E291248B913400D287A9 /* ViewController.swift in Sources */,
				3388E28D248B913400D287A9 /* AppDelegate.swift in Sources */,
				3388E28F248B913400D287A9 /* SceneDelegate.swift in Sources */,
			);
			runOnlyForDeploymentPostprocessing = 0;
		};
/* End PBXSourcesBuildPhase section */

/* Begin PBXVariantGroup section */
		3388E292248B913400D287A9 /* Main.storyboard */ = {
			isa = PBXVariantGroup;
			children = (
				3388E293248B913400D287A9 /* Base */,
			);
			name = Main.storyboard;
			sourceTree = "<group>";
		};
		3388E297248B913600D287A9 /* LaunchScreen.storyboard */ = {
			isa = PBXVariantGroup;
			children = (
				3388E298248B913600D287A9 /* Base */,
			);
			name = LaunchScreen.storyboard;
			sourceTree = "<group>";
		};
/* End PBXVariantGroup section */

/* Begin XCBuildConfiguration section */
		3388E29B248B913600D287A9 /* Debug */ = {
			isa = XCBuildConfiguration;
			buildSettings = {
				ALWAYS_SEARCH_USER_PATHS = NO;
				CLANG_ANALYZER_NONNULL = YES;
				CLANG_ANALYZER_NUMBER_OBJECT_CONVERSION = YES_AGGRESSIVE;
				CLANG_CXX_LANGUAGE_STANDARD = "gnu++14";
				CLANG_CXX_LIBRARY = "libc++";
				CLANG_ENABLE_MODULES = YES;
				CLANG_ENABLE_OBJC_ARC = YES;
				CLANG_ENABLE_OBJC_WEAK = YES;
				CLANG_WARN_BLOCK_CAPTURE_AUTORELEASING = YES;
				CLANG_WARN_BOOL_CONVERSION = YES;
				CLANG_WARN_COMMA = YES;
				CLANG_WARN_CONSTANT_CONVERSION = YES;
				CLANG_WARN_DEPRECATED_OBJC_IMPLEMENTATIONS = YES;
				CLANG_WARN_DIRECT_OBJC_ISA_USAGE = YES_ERROR;
				CLANG_WARN_DOCUMENTATION_COMMENTS = YES;
				CLANG_WARN_EMPTY_BODY = YES;
				CLANG_WARN_ENUM_CONVERSION = YES;
				CLANG_WARN_INFINITE_RECURSION = YES;
				CLANG_WARN_INT_CONVERSION = YES;
				CLANG_WARN_NON_LITERAL_NULL_CONVERSION = YES;
				CLANG_WARN_OBJC_IMPLICIT_RETAIN_SELF = YES;
				CLANG_WARN_OBJC_LITERAL_CONVERSION = YES;
				CLANG_WARN_OBJC_ROOT_CLASS = YES_ERROR;
				CLANG_WARN_RANGE_LOOP_ANALYSIS = YES;
				CLANG_WARN_STRICT_PROTOTYPES = YES;
				CLANG_WARN_SUSPICIOUS_MOVE = YES;
				CLANG_WARN_UNGUARDED_AVAILABILITY = YES_AGGRESSIVE;
				CLANG_WARN_UNREACHABLE_CODE = YES;
				CLANG_WARN__DUPLICATE_METHOD_MATCH = YES;
				COPY_PHASE_STRIP = NO;
				DEBUG_INFORMATION_FORMAT = dwarf;
				ENABLE_STRICT_OBJC_MSGSEND = YES;
				ENABLE_TESTABILITY = YES;
				GCC_C_LANGUAGE_STANDARD = gnu11;
				GCC_DYNAMIC_NO_PIC = NO;
				GCC_NO_COMMON_BLOCKS = YES;
				GCC_OPTIMIZATION_LEVEL = 0;
				GCC_PREPROCESSOR_DEFINITIONS = (
					"DEBUG=1",
					"$(inherited)",
				);
				GCC_WARN_64_TO_32_BIT_CONVERSION = YES;
				GCC_WARN_ABOUT_RETURN_TYPE = YES_ERROR;
				GCC_WARN_UNDECLARED_SELECTOR = YES;
				GCC_WARN_UNINITIALIZED_AUTOS = YES_AGGRESSIVE;
				GCC_WARN_UNUSED_FUNCTION = YES;
				GCC_WARN_UNUSED_VARIABLE = YES;
				IPHONEOS_DEPLOYMENT_TARGET = 13.1;
				MTL_ENABLE_DEBUG_INFO = INCLUDE_SOURCE;
				MTL_FAST_MATH = YES;
				ONLY_ACTIVE_ARCH = YES;
				SDKROOT = iphoneos;
				SWIFT_ACTIVE_COMPILATION_CONDITIONS = DEBUG;
				SWIFT_OPTIMIZATION_LEVEL = "-Onone";
			};
			name = Debug;
		};
		3388E29C248B913600D287A9 /* Release */ = {
			isa = XCBuildConfiguration;
			buildSettings = {
				ALWAYS_SEARCH_USER_PATHS = NO;
				CLANG_ANALYZER_NONNULL = YES;
				CLANG_ANALYZER_NUMBER_OBJECT_CONVERSION = YES_AGGRESSIVE;
				CLANG_CXX_LANGUAGE_STANDARD = "gnu++14";
				CLANG_CXX_LIBRARY = "libc++";
				CLANG_ENABLE_MODULES = YES;
				CLANG_ENABLE_OBJC_ARC = YES;
				CLANG_ENABLE_OBJC_WEAK = YES;
				CLANG_WARN_BLOCK_CAPTURE_AUTORELEASING = YES;
				CLANG_WARN_BOOL_CONVERSION = YES;
				CLANG_WARN_COMMA = YES;
				CLANG_WARN_CONSTANT_CONVERSION = YES;
				CLANG_WARN_DEPRECATED_OBJC_IMPLEMENTATIONS = YES;
				CLANG_WARN_DIRECT_OBJC_ISA_USAGE = YES_ERROR;
				CLANG_WARN_DOCUMENTATION_COMMENTS = YES;
				CLANG_WARN_EMPTY_BODY = YES;
				CLANG_WARN_ENUM_CONVERSION = YES;
				CLANG_WARN_INFINITE_RECURSION = YES;
				CLANG_WARN_INT_CONVERSION = YES;
				CLANG_WARN_NON_LITERAL_NULL_CONVERSION = YES;
				CLANG_WARN_OBJC_IMPLICIT_RETAIN_SELF = YES;
				CLANG_WARN_OBJC_LITERAL_CONVERSION = YES;
				CLANG_WARN_OBJC_ROOT_CLASS = YES_ERROR;
				CLANG_WARN_RANGE_LOOP_ANALYSIS = YES;
				CLANG_WARN_STRICT_PROTOTYPES = YES;
				CLANG_WARN_SUSPICIOUS_MOVE = YES;
				CLANG_WARN_UNGUARDED_AVAILABILITY = YES_AGGRESSIVE;
				CLANG_WARN_UNREACHABLE_CODE = YES;
				CLANG_WARN__DUPLICATE_METHOD_MATCH = YES;
				COPY_PHASE_STRIP = NO;
				DEBUG_INFORMATION_FORMAT = "dwarf-with-dsym";
				ENABLE_NS_ASSERTIONS = NO;
				ENABLE_STRICT_OBJC_MSGSEND = YES;
				GCC_C_LANGUAGE_STANDARD = gnu11;
				GCC_NO_COMMON_BLOCKS = YES;
				GCC_WARN_64_TO_32_BIT_CONVERSION = YES;
				GCC_WARN_ABOUT_RETURN_TYPE = YES_ERROR;
				GCC_WARN_UNDECLARED_SELECTOR = YES;
				GCC_WARN_UNINITIALIZED_AUTOS = YES_AGGRESSIVE;
				GCC_WARN_UNUSED_FUNCTION = YES;
				GCC_WARN_UNUSED_VARIABLE = YES;
				IPHONEOS_DEPLOYMENT_TARGET = 13.1;
				MTL_ENABLE_DEBUG_INFO = NO;
				MTL_FAST_MATH = YES;
				SDKROOT = iphoneos;
				SWIFT_COMPILATION_MODE = wholemodule;
				SWIFT_OPTIMIZATION_LEVEL = "-O";
				VALIDATE_PRODUCT = YES;
			};
			name = Release;
		};
		3388E29E248B913600D287A9 /* Debug */ = {
			isa = XCBuildConfiguration;
			buildSettings = {
				ASSETCATALOG_COMPILER_APPICON_NAME = AppIcon;
				CODE_SIGN_STYLE = Automatic;
				DEVELOPMENT_TEAM = 7S6Y7998NB;
				INFOPLIST_FILE = SlideshowApp/Info.plist;
				LD_RUNPATH_SEARCH_PATHS = (
					"$(inherited)",
					"@executable_path/Frameworks",
				);
				PRODUCT_BUNDLE_IDENTIFIER = jp.techacademy.taishi.kamiya.SlideshowApp;
				PRODUCT_NAME = "$(TARGET_NAME)";
				SWIFT_VERSION = 5.0;
				TARGETED_DEVICE_FAMILY = "1,2";
			};
			name = Debug;
		};
		3388E29F248B913600D287A9 /* Release */ = {
			isa = XCBuildConfiguration;
			buildSettings = {
				ASSETCATALOG_COMPILER_APPICON_NAME = AppIcon;
				CODE_SIGN_STYLE = Automatic;
				DEVELOPMENT_TEAM = 7S6Y7998NB;
				INFOPLIST_FILE = SlideshowApp/Info.plist;
				LD_RUNPATH_SEARCH_PATHS = (
					"$(inherited)",
					"@executable_path/Frameworks",
				);
				PRODUCT_BUNDLE_IDENTIFIER = jp.techacademy.taishi.kamiya.SlideshowApp;
				PRODUCT_NAME = "$(TARGET_NAME)";
				SWIFT_VERSION = 5.0;
				TARGETED_DEVICE_FAMILY = "1,2";
			};
			name = Release;
		};
/* End XCBuildConfiguration section */

/* Begin XCConfigurationList section */
		3388E284248B913400D287A9 /* Build configuration list for PBXProject "SlideshowApp" */ = {
			isa = XCConfigurationList;
			buildConfigurations = (
				3388E29B248B913600D287A9 /* Debug */,
				3388E29C248B913600D287A9 /* Release */,
			);
			defaultConfigurationIsVisible = 0;
			defaultConfigurationName = Release;
		};
		3388E29D248B913600D287A9 /* Build configuration list for PBXNativeTarget "SlideshowApp" */ = {
			isa = XCConfigurationList;
			buildConfigurations = (
				3388E29E248B913600D287A9 /* Debug */,
				3388E29F248B913600D287A9 /* Release */,
			);
			defaultConfigurationIsVisible = 0;
			defaultConfigurationName = Release;
		};
/* End XCConfigurationList section */
	};
	rootObject = 3388E281248B913400D287A9 /* Project object */;
}
